Microsoft Visual Studio Solution File, Format Version 12.00
# Visual Studio 14
Project("{2150E333-8FDC-42A3-9474-1A3956D46DE8}") = "CMakePredefinedTargets", "CMakePredefinedTargets", "{2A851C79-7D73-3693-81FA-CC0BC52B192B}"
EndProject
Project("{2150E333-8FDC-42A3-9474-1A3956D46DE8}") = "examples", "examples", "{348488E7-C006-38C1-A80C-186604860388}"
EndProject
Project("{8BC9CEB8-8B4A-11D0-8D11-00A0C91BC942}") = "ALL_BUILD", "ALL_BUILD.vcxproj", "{5162BEEC-3141-35CB-9C2F-D578FE763F5B}"
	ProjectSection(ProjectDependencies) = postProject
		{BCCEA994-196D-3DFA-8774-105CD7AA47AB} = {BCCEA994-196D-3DFA-8774-105CD7AA47AB}
		{454E4860-41A8-3EA7-9A5A-61E32BBB99CA} = {454E4860-41A8-3EA7-9A5A-61E32BBB99CA}
		{537F89BE-30D1-3201-A8C9-F2908D995151} = {537F89BE-30D1-3201-A8C9-F2908D995151}
		{EEEFFC5F-FC8D-3690-BE9A-B56027A9DB06} = {EEEFFC5F-FC8D-3690-BE9A-B56027A9DB06}
	EndProjectSection
EndProject
Project("{8BC9CEB8-8B4A-11D0-8D11-00A0C91BC942}") = "INSTALL", "INSTALL.vcxproj", "{6CF28CBB-2B3C-3841-B20F-39925BB85A9D}"
	ProjectSection(ProjectDependencies) = postProject
		{5162BEEC-3141-35CB-9C2F-D578FE763F5B} = {5162BEEC-3141-35CB-9C2F-D578FE763F5B}
		{BCCEA994-196D-3DFA-8774-105CD7AA47AB} = {BCCEA994-196D-3DFA-8774-105CD7AA47AB}
	EndProjectSection
EndProject
Project("{8BC9CEB8-8B4A-11D0-8D11-00A0C91BC942}") = "ZERO_CHECK", "..\\ZERO_CHECK.vcxproj", "{BCCEA994-196D-3DFA-8774-105CD7AA47AB}"
	ProjectSection(ProjectDependencies) = postProject
	EndProjectSection
EndProject
Project("{8BC9CEB8-8B4A-11D0-8D11-00A0C91BC942}") = "descriptors", "descriptors.vcxproj", "{454E4860-41A8-3EA7-9A5A-61E32BBB99CA}"
	ProjectSection(ProjectDependencies) = postProject
		{BCCEA994-196D-3DFA-8774-105CD7AA47AB} = {BCCEA994-196D-3DFA-8774-105CD7AA47AB}
	EndProjectSection
EndProject
Project("{8BC9CEB8-8B4A-11D0-8D11-00A0C91BC942}") = "hlsl_resource_types", "hlsl_resource_types.vcxproj", "{537F89BE-30D1-3201-A8C9-F2908D995151}"
	ProjectSection(ProjectDependencies) = postProject
		{BCCEA994-196D-3DFA-8774-105CD7AA47AB} = {BCCEA994-196D-3DFA-8774-105CD7AA47AB}
	EndProjectSection
EndProject
Project("{8BC9CEB8-8B4A-11D0-8D11-00A0C91BC942}") = "io_variables", "io_variables.vcxproj", "{EEEFFC5F-FC8D-3690-BE9A-B56027A9DB06}"
	ProjectSection(ProjectDependencies) = postProject
		{BCCEA994-196D-3DFA-8774-105CD7AA47AB} = {BCCEA994-196D-3DFA-8774-105CD7AA47AB}
	EndProjectSection
EndProject
Global
	GlobalSection(SolutionConfigurationPlatforms) = preSolution
		Debug|x64 = Debug|x64
		Release|x64 = Release|x64
		MinSizeRel|x64 = MinSizeRel|x64
		RelWithDebInfo|x64 = RelWithDebInfo|x64
	EndGlobalSection
	GlobalSection(ProjectConfigurationPlatforms) = postSolution
		{5162BEEC-3141-35CB-9C2F-D578FE763F5B}.Debug|x64.ActiveCfg = Debug|x64
		{5162BEEC-3141-35CB-9C2F-D578FE763F5B}.Debug|x64.Build.0 = Debug|x64
		{5162BEEC-3141-35CB-9C2F-D578FE763F5B}.Release|x64.ActiveCfg = Release|x64
		{5162BEEC-3141-35CB-9C2F-D578FE763F5B}.Release|x64.Build.0 = Release|x64
		{5162BEEC-3141-35CB-9C2F-D578FE763F5B}.MinSizeRel|x64.ActiveCfg = MinSizeRel|x64
		{5162BEEC-3141-35CB-9C2F-D578FE763F5B}.MinSizeRel|x64.Build.0 = MinSizeRel|x64
		{5162BEEC-3141-35CB-9C2F-D578FE763F5B}.RelWithDebInfo|x64.ActiveCfg = RelWithDebInfo|x64
		{5162BEEC-3141-35CB-9C2F-D578FE763F5B}.RelWithDebInfo|x64.Build.0 = RelWithDebInfo|x64
		{6CF28CBB-2B3C-3841-B20F-39925BB85A9D}.Debug|x64.ActiveCfg = Debug|x64
		{6CF28CBB-2B3C-3841-B20F-39925BB85A9D}.Release|x64.ActiveCfg = Release|x64
		{6CF28CBB-2B3C-3841-B20F-39925BB85A9D}.MinSizeRel|x64.ActiveCfg = MinSizeRel|x64
		{6CF28CBB-2B3C-3841-B20F-39925BB85A9D}.RelWithDebInfo|x64.ActiveCfg = RelWithDebInfo|x64
		{BCCEA994-196D-3DFA-8774-105CD7AA47AB}.Debug|x64.ActiveCfg = Debug|x64
		{BCCEA994-196D-3DFA-8774-105CD7AA47AB}.Debug|x64.Build.0 = Debug|x64
		{BCCEA994-196D-3DFA-8774-105CD7AA47AB}.Release|x64.ActiveCfg = Release|x64
		{BCCEA994-196D-3DFA-8774-105CD7AA47AB}.Release|x64.Build.0 = Release|x64
		{BCCEA994-196D-3DFA-8774-105CD7AA47AB}.MinSizeRel|x64.ActiveCfg = MinSizeRel|x64
		{BCCEA994-196D-3DFA-8774-105CD7AA47AB}.MinSizeRel|x64.Build.0 = MinSizeRel|x64
		{BCCEA994-196D-3DFA-8774-105CD7AA47AB}.RelWithDebInfo|x64.ActiveCfg = RelWithDebInfo|x64
		{BCCEA994-196D-3DFA-8774-105CD7AA47AB}.RelWithDebInfo|x64.Build.0 = RelWithDebInfo|x64
		{454E4860-41A8-3EA7-9A5A-61E32BBB99CA}.Debug|x64.ActiveCfg = Debug|x64
		{454E4860-41A8-3EA7-9A5A-61E32BBB99CA}.Debug|x64.Build.0 = Debug|x64
		{454E4860-41A8-3EA7-9A5A-61E32BBB99CA}.Release|x64.ActiveCfg = Release|x64
		{454E4860-41A8-3EA7-9A5A-61E32BBB99CA}.Release|x64.Build.0 = Release|x64
		{454E4860-41A8-3EA7-9A5A-61E32BBB99CA}.MinSizeRel|x64.ActiveCfg = MinSizeRel|x64
		{454E4860-41A8-3EA7-9A5A-61E32BBB99CA}.MinSizeRel|x64.Build.0 = MinSizeRel|x64
		{454E4860-41A8-3EA7-9A5A-61E32BBB99CA}.RelWithDebInfo|x64.ActiveCfg = RelWithDebInfo|x64
		{454E4860-41A8-3EA7-9A5A-61E32BBB99CA}.RelWithDebInfo|x64.Build.0 = RelWithDebInfo|x64
		{537F89BE-30D1-3201-A8C9-F2908D995151}.Debug|x64.ActiveCfg = Debug|x64
		{537F89BE-30D1-3201-A8C9-F2908D995151}.Debug|x64.Build.0 = Debug|x64
		{537F89BE-30D1-3201-A8C9-F2908D995151}.Release|x64.ActiveCfg = Release|x64
		{537F89BE-30D1-3201-A8C9-F2908D995151}.Release|x64.Build.0 = Release|x64
		{537F89BE-30D1-3201-A8C9-F2908D995151}.MinSizeRel|x64.ActiveCfg = MinSizeRel|x64
		{537F89BE-30D1-3201-A8C9-F2908D995151}.MinSizeRel|x64.Build.0 = MinSizeRel|x64
		{537F89BE-30D1-3201-A8C9-F2908D995151}.RelWithDebInfo|x64.ActiveCfg = RelWithDebInfo|x64
		{537F89BE-30D1-3201-A8C9-F2908D995151}.RelWithDebInfo|x64.Build.0 = RelWithDebInfo|x64
		{EEEFFC5F-FC8D-3690-BE9A-B56027A9DB06}.Debug|x64.ActiveCfg = Debug|x64
		{EEEFFC5F-FC8D-3690-BE9A-B56027A9DB06}.Debug|x64.Build.0 = Debug|x64
		{EEEFFC5F-FC8D-3690-BE9A-B56027A9DB06}.Release|x64.ActiveCfg = Release|x64
		{EEEFFC5F-FC8D-3690-BE9A-B56027A9DB06}.Release|x64.Build.0 = Release|x64
		{EEEFFC5F-FC8D-3690-BE9A-B56027A9DB06}.MinSizeRel|x64.ActiveCfg = MinSizeRel|x64
		{EEEFFC5F-FC8D-3690-BE9A-B56027A9DB06}.MinSizeRel|x64.Build.0 = MinSizeRel|x64
		{EEEFFC5F-FC8D-3690-BE9A-B56027A9DB06}.RelWithDebInfo|x64.ActiveCfg = RelWithDebInfo|x64
		{EEEFFC5F-FC8D-3690-BE9A-B56027A9DB06}.RelWithDebInfo|x64.Build.0 = RelWithDebInfo|x64
	EndGlobalSection
	GlobalSection(NestedProjects) = preSolution
		{5162BEEC-3141-35CB-9C2F-D578FE763F5B} = {2A851C79-7D73-3693-81FA-CC0BC52B192B}
		{6CF28CBB-2B3C-3841-B20F-39925BB85A9D} = {2A851C79-7D73-3693-81FA-CC0BC52B192B}
		{BCCEA994-196D-3DFA-8774-105CD7AA47AB} = {2A851C79-7D73-3693-81FA-CC0BC52B192B}
		{454E4860-41A8-3EA7-9A5A-61E32BBB99CA} = {348488E7-C006-38C1-A80C-186604860388}
		{537F89BE-30D1-3201-A8C9-F2908D995151} = {348488E7-C006-38C1-A80C-186604860388}
		{EEEFFC5F-FC8D-3690-BE9A-B56027A9DB06} = {348488E7-C006-38C1-A80C-186604860388}
	EndGlobalSection
	GlobalSection(ExtensibilityGlobals) = postSolution
		SolutionGuid = {6806ADA4-3D21-3E9F-824A-5B8C1E42EA67}
	EndGlobalSection
	GlobalSection(ExtensibilityAddIns) = postSolution
	EndGlobalSection
EndGlobal
