<?xml version="1.0" encoding="utf-8"?>
<Project ToolsVersion="14.0" xmlns="http://schemas.microsoft.com/developer/msbuild/2003">
  <ItemGroup>
    <ClCompile Include="C:\Dev\Naivi\thirdparty\SPIRV-Reflect\examples\main_hlsl_resource_types.cpp">
      <Filter>Source Files</Filter>
    </ClCompile>
    <ClCompile Include="C:\Dev\Naivi\thirdparty\SPIRV-Reflect\examples\common.cpp">
      <Filter>Source Files</Filter>
    </ClCompile>
    <ClCompile Include="C:\Dev\Naivi\thirdparty\SPIRV-Reflect\spirv_reflect.c">
      <Filter>Source Files</Filter>
    </ClCompile>
  </ItemGroup>
  <ItemGroup>
    <ClInclude Include="C:\Dev\Naivi\thirdparty\SPIRV-Reflect\examples\common.h">
      <Filter>Header Files</Filter>
    </ClInclude>
    <ClInclude Include="C:\Dev\Naivi\thirdparty\SPIRV-Reflect\examples\sample_spv.h">
      <Filter>Header Files</Filter>
    </ClInclude>
    <ClInclude Include="C:\Dev\Naivi\thirdparty\SPIRV-Reflect\spirv_reflect.h">
      <Filter>Header Files</Filter>
    </ClInclude>
  </ItemGroup>
  <ItemGroup>
    <CustomBuild Include="C:\Dev\Naivi\thirdparty\SPIRV-Reflect\examples\CMakeLists.txt" />
  </ItemGroup>
  <ItemGroup>
    <Filter Include="Header Files">
      <UniqueIdentifier>{9B2FB834-5144-3008-809D-A0C719FCF74D}</UniqueIdentifier>
    </Filter>
    <Filter Include="Source Files">
      <UniqueIdentifier>{C06F4C1E-3B1E-38D4-A471-AFF9388A3585}</UniqueIdentifier>
    </Filter>
  </ItemGroup>
</Project>
